
Microsoft Visual Studio Solution File, Format Version 12.00
# Visual Studio Version 16
VisualStudioVersion = 16.0.31112.23
MinimumVisualStudioVersion = 10.0.40219.1
Project("{FAE04EC0-301F-11D3-BF4B-00C04F79EFBC}") = "Common", "Common\Common.csproj", "{F17E3A95-E38E-4498-8ADF-A67DADD17185}"
EndProject
Project("{FAE04EC0-301F-11D3-BF4B-00C04F79EFBC}") = "Data", "Data\Data.csproj", "{3BF5EC08-5883-4488-B0EC-828ACB8ECDFA}"
EndProject
Project("{FAE04EC0-301F-11D3-BF4B-00C04F79EFBC}") = "DataAccess", "DataAccess\DataAccess.csproj", "{265215B3-081C-40FF-BE5A-571553588030}"
EndProject
Project("{FAE04EC0-301F-11D3-BF4B-00C04F79EFBC}") = "Model", "Model\Model.csproj", "{71F08F52-91E5-4205-9940-137E1B664ED6}"
EndProject
Project("{FAE04EC0-301F-11D3-BF4B-00C04F79EFBC}") = "Web", "Web\Web.csproj", "{C620FF99-307D-4DBF-9610-21C2366CBCC6}"
EndProject
Global
	GlobalSection(SolutionConfigurationPlatforms) = preSolution
		Debug|Any CPU = Debug|Any CPU
		Release|Any CPU = Release|Any CPU
	EndGlobalSection
	GlobalSection(ProjectConfigurationPlatforms) = postSolution
		{F17E3A95-E38E-4498-8ADF-A67DADD17185}.Debug|Any CPU.ActiveCfg = Debug|Any CPU
		{F17E3A95-E38E-4498-8ADF-A67DADD17185}.Debug|Any CPU.Build.0 = Debug|Any CPU
		{F17E3A95-E38E-4498-8ADF-A67DADD17185}.Release|Any CPU.ActiveCfg = Release|Any CPU
		{F17E3A95-E38E-4498-8ADF-A67DADD17185}.Release|Any CPU.Build.0 = Release|Any CPU
		{3BF5EC08-5883-4488-B0EC-828ACB8ECDFA}.Debug|Any CPU.ActiveCfg = Debug|Any CPU
		{3BF5EC08-5883-4488-B0EC-828ACB8ECDFA}.Debug|Any CPU.Build.0 = Debug|Any CPU
		{3BF5EC08-5883-4488-B0EC-828ACB8ECDFA}.Release|Any CPU.ActiveCfg = Release|Any CPU
		{3BF5EC08-5883-4488-B0EC-828ACB8ECDFA}.Release|Any CPU.Build.0 = Release|Any CPU
		{265215B3-081C-40FF-BE5A-571553588030}.Debug|Any CPU.ActiveCfg = Debug|Any CPU
		{265215B3-081C-40FF-BE5A-571553588030}.Debug|Any CPU.Build.0 = Debug|Any CPU
		{265215B3-081C-40FF-BE5A-571553588030}.Release|Any CPU.ActiveCfg = Release|Any CPU
		{265215B3-081C-40FF-BE5A-571553588030}.Release|Any CPU.Build.0 = Release|Any CPU
		{71F08F52-91E5-4205-9940-137E1B664ED6}.Debug|Any CPU.ActiveCfg = Debug|Any CPU
		{71F08F52-91E5-4205-9940-137E1B664ED6}.Debug|Any CPU.Build.0 = Debug|Any CPU
		{71F08F52-91E5-4205-9940-137E1B664ED6}.Release|Any CPU.ActiveCfg = Release|Any CPU
		{71F08F52-91E5-4205-9940-137E1B664ED6}.Release|Any CPU.Build.0 = Release|Any CPU
		{C620FF99-307D-4DBF-9610-21C2366CBCC6}.Debug|Any CPU.ActiveCfg = Debug|Any CPU
		{C620FF99-307D-4DBF-9610-21C2366CBCC6}.Debug|Any CPU.Build.0 = Debug|Any CPU
		{C620FF99-307D-4DBF-9610-21C2366CBCC6}.Release|Any CPU.ActiveCfg = Release|Any CPU
		{C620FF99-307D-4DBF-9610-21C2366CBCC6}.Release|Any CPU.Build.0 = Release|Any CPU
	EndGlobalSection
	GlobalSection(SolutionProperties) = preSolution
		HideSolutionNode = FALSE
	EndGlobalSection
	GlobalSection(ExtensibilityGlobals) = postSolution
		SolutionGuid = {DCB70C18-0224-4227-965C-7A28416B587F}
	EndGlobalSection
EndGlobal
